
Microsoft Visual Studio Solution File, Format Version 12.00
# Visual Studio Version 17
VisualStudioVersion = 17.4.33103.184
MinimumVisualStudioVersion = 10.0.40219.1
Project("{FAE04EC0-301F-11D3-BF4B-00C04F79EFBC}") = "Graphic", "Graphic\Graphic.csproj", "{293AA0E3-3709-4DD3-B0D0-E44490DF6120}"
EndProject
Global
	GlobalSection(SolutionConfigurationPlatforms) = preSolution
		Debug|Any CPU = Debug|Any CPU
		Release|Any CPU = Release|Any CPU
	EndGlobalSection
	GlobalSection(ProjectConfigurationPlatforms) = postSolution
		{293AA0E3-3709-4DD3-B0D0-E44490DF6120}.Debug|Any CPU.ActiveCfg = Debug|Any CPU
		{293AA0E3-3709-4DD3-B0D0-E44490DF6120}.Debug|Any CPU.Build.0 = Debug|Any CPU
		{293AA0E3-3709-4DD3-B0D0-E44490DF6120}.Release|Any CPU.ActiveCfg = Release|Any CPU
		{293AA0E3-3709-4DD3-B0D0-E44490DF6120}.Release|Any CPU.Build.0 = Release|Any CPU
	EndGlobalSection
	GlobalSection(SolutionProperties) = preSolution
		HideSolutionNode = FALSE
	EndGlobalSection
	GlobalSection(ExtensibilityGlobals) = postSolution
		SolutionGuid = {2EA74145-EE3A-494F-8624-12D7F337C1C4}
	EndGlobalSection
EndGlobal
